
Microsoft Visual Studio Solution File, Format Version 12.00
# Visual Studio 15
VisualStudioVersion = 15.0.27703.2035
MinimumVisualStudioVersion = 10.0.40219.1
Project("{FAE04EC0-301F-11D3-BF4B-00C04F79EFBC}") = "WebUI", "WebUI\WebUI.csproj", "{ABA81C34-6F66-45D9-8514-D1C51ED4E353}"
EndProject
Global
	GlobalSection(SolutionConfigurationPlatforms) = preSolution
		Debug|Any CPU = Debug|Any CPU
		Release|Any CPU = Release|Any CPU
	EndGlobalSection
	GlobalSection(ProjectConfigurationPlatforms) = postSolution
		{ABA81C34-6F66-45D9-8514-D1C51ED4E353}.Debug|Any CPU.ActiveCfg = Debug|Any CPU
		{ABA81C34-6F66-45D9-8514-D1C51ED4E353}.Debug|Any CPU.Build.0 = Debug|Any CPU
		{ABA81C34-6F66-45D9-8514-D1C51ED4E353}.Release|Any CPU.ActiveCfg = Release|Any CPU
		{ABA81C34-6F66-45D9-8514-D1C51ED4E353}.Release|Any CPU.Build.0 = Release|Any CPU
	EndGlobalSection
	GlobalSection(SolutionProperties) = preSolution
		HideSolutionNode = FALSE
	EndGlobalSection
	GlobalSection(ExtensibilityGlobals) = postSolution
		SolutionGuid = {B6EA08BA-1B51-4B9D-AF97-E61ACDD71F2A}
	EndGlobalSection
EndGlobal
